
Microsoft Visual Studio Solution File, Format Version 12.00
# Visual Studio Version 17
VisualStudioVersion = 17.0.31903.59
MinimumVisualStudioVersion = 10.0.40219.1
Project("{FAE04EC0-301F-11D3-BF4B-00C04F79EFBC}") = "GitConfigurationProvider", "GitConfigurationProvider\GitConfigurationProvider.csproj", "{3FFE41AF-BC19-40E7-862A-AFB7C15981D7}"
EndProject
Project("{FAE04EC0-301F-11D3-BF4B-00C04F79EFBC}") = "GitConfigurationReader", "GitConfigurationReader\GitConfigurationReader.csproj", "{97903BE7-4C89-4C7E-A014-F28B0D0BBD6A}"
EndProject
Project("{FAE04EC0-301F-11D3-BF4B-00C04F79EFBC}") = "GitConfigurationWatcher", "GitConfigurationWatcher\GitConfigurationWatcher.csproj", "{38D4E2EA-12BF-4CBE-9F91-A1A506C22D55}"
EndProject
Project("{FAE04EC0-301F-11D3-BF4B-00C04F79EFBC}") = "GitConfigurationViewer", "GitConfigurationViewer\GitConfigurationViewer.csproj", "{113276AA-4807-47A4-8DE7-0E484A82DD53}"
EndProject
Project("{2150E333-8FDC-42A3-9474-1A3956D46DE8}") = "Tests", "Tests", "{D4C4A632-814C-461C-A894-4E09718A293A}"
EndProject
Project("{FAE04EC0-301F-11D3-BF4B-00C04F79EFBC}") = "ConfigurationTests", "Tests\ConfigurationTests\ConfigurationTests.csproj", "{F1907C08-6014-48EE-AA22-60EB0E043F31}"
EndProject
Global
	GlobalSection(SolutionConfigurationPlatforms) = preSolution
		Debug|Any CPU = Debug|Any CPU
		Release|Any CPU = Release|Any CPU
	EndGlobalSection
	GlobalSection(SolutionProperties) = preSolution
		HideSolutionNode = FALSE
	EndGlobalSection
	GlobalSection(ProjectConfigurationPlatforms) = postSolution
		{3FFE41AF-BC19-40E7-862A-AFB7C15981D7}.Debug|Any CPU.ActiveCfg = Debug|Any CPU
		{3FFE41AF-BC19-40E7-862A-AFB7C15981D7}.Debug|Any CPU.Build.0 = Debug|Any CPU
		{3FFE41AF-BC19-40E7-862A-AFB7C15981D7}.Release|Any CPU.ActiveCfg = Release|Any CPU
		{3FFE41AF-BC19-40E7-862A-AFB7C15981D7}.Release|Any CPU.Build.0 = Release|Any CPU
		{97903BE7-4C89-4C7E-A014-F28B0D0BBD6A}.Debug|Any CPU.ActiveCfg = Debug|Any CPU
		{97903BE7-4C89-4C7E-A014-F28B0D0BBD6A}.Debug|Any CPU.Build.0 = Debug|Any CPU
		{97903BE7-4C89-4C7E-A014-F28B0D0BBD6A}.Release|Any CPU.ActiveCfg = Release|Any CPU
		{97903BE7-4C89-4C7E-A014-F28B0D0BBD6A}.Release|Any CPU.Build.0 = Release|Any CPU
		{38D4E2EA-12BF-4CBE-9F91-A1A506C22D55}.Debug|Any CPU.ActiveCfg = Debug|Any CPU
		{38D4E2EA-12BF-4CBE-9F91-A1A506C22D55}.Debug|Any CPU.Build.0 = Debug|Any CPU
		{38D4E2EA-12BF-4CBE-9F91-A1A506C22D55}.Release|Any CPU.ActiveCfg = Release|Any CPU
		{38D4E2EA-12BF-4CBE-9F91-A1A506C22D55}.Release|Any CPU.Build.0 = Release|Any CPU
		{113276AA-4807-47A4-8DE7-0E484A82DD53}.Debug|Any CPU.ActiveCfg = Debug|Any CPU
		{113276AA-4807-47A4-8DE7-0E484A82DD53}.Debug|Any CPU.Build.0 = Debug|Any CPU
		{113276AA-4807-47A4-8DE7-0E484A82DD53}.Release|Any CPU.ActiveCfg = Release|Any CPU
		{113276AA-4807-47A4-8DE7-0E484A82DD53}.Release|Any CPU.Build.0 = Release|Any CPU
		{F1907C08-6014-48EE-AA22-60EB0E043F31}.Debug|Any CPU.ActiveCfg = Debug|Any CPU
		{F1907C08-6014-48EE-AA22-60EB0E043F31}.Debug|Any CPU.Build.0 = Debug|Any CPU
		{F1907C08-6014-48EE-AA22-60EB0E043F31}.Release|Any CPU.ActiveCfg = Release|Any CPU
		{F1907C08-6014-48EE-AA22-60EB0E043F31}.Release|Any CPU.Build.0 = Release|Any CPU
	EndGlobalSection
	GlobalSection(NestedProjects) = preSolution
		{F1907C08-6014-48EE-AA22-60EB0E043F31} = {D4C4A632-814C-461C-A894-4E09718A293A}
	EndGlobalSection
EndGlobal
